
Microsoft Visual Studio Solution File, Format Version 12.00
# Visual Studio Version 16
VisualStudioVersion = 16.0.29905.134
MinimumVisualStudioVersion = 10.0.40219.1
Project("{9A19103F-16F7-4668-BE54-9A1E7A4F7556}") = "PozitronDev.QuerySpecification", "QuerySpecification\src\PozitronDev.QuerySpecification\PozitronDev.QuerySpecification.csproj", "{3E4D1ED6-7CDD-4870-BB56-033DE1A17EA1}"
EndProject
Project("{9A19103F-16F7-4668-BE54-9A1E7A4F7556}") = "PozitronDev.QuerySpecification.UnitTests", "QuerySpecification\tests\PozitronDev.QuerySpecification.UnitTests\PozitronDev.QuerySpecification.UnitTests.csproj", "{BAFCF13F-05EF-4DEF-AD78-B5006CE86784}"
EndProject
Project("{9A19103F-16F7-4668-BE54-9A1E7A4F7556}") = "PozitronDev.QuerySpecification.IntegrationTests", "QuerySpecification\tests\PozitronDev.QuerySpecification.IntegrationTests\PozitronDev.QuerySpecification.IntegrationTests.csproj", "{9B200ED1-89A8-4530-908B-8402BC7C9338}"
EndProject
Project("{2150E333-8FDC-42A3-9474-1A3956D46DE8}") = "Solution Items", "Solution Items", "{14CC34F1-BFA1-4C3D-A9A1-2B79DF665B02}"
	ProjectSection(SolutionItems) = preProject
		azure-build.yaml = azure-build.yaml
		LICENSE.txt = LICENSE.txt
		README.md = README.md
	EndProjectSection
EndProject
Project("{2150E333-8FDC-42A3-9474-1A3956D46DE8}") = "QuerySpecification", "QuerySpecification", "{A74EF8FE-73A5-4ED1-A272-5243B81B0A16}"
EndProject
Global
	GlobalSection(SolutionConfigurationPlatforms) = preSolution
		Debug|Any CPU = Debug|Any CPU
		Release|Any CPU = Release|Any CPU
	EndGlobalSection
	GlobalSection(ProjectConfigurationPlatforms) = postSolution
		{3E4D1ED6-7CDD-4870-BB56-033DE1A17EA1}.Debug|Any CPU.ActiveCfg = Debug|Any CPU
		{3E4D1ED6-7CDD-4870-BB56-033DE1A17EA1}.Debug|Any CPU.Build.0 = Debug|Any CPU
		{3E4D1ED6-7CDD-4870-BB56-033DE1A17EA1}.Release|Any CPU.ActiveCfg = Release|Any CPU
		{3E4D1ED6-7CDD-4870-BB56-033DE1A17EA1}.Release|Any CPU.Build.0 = Release|Any CPU
		{BAFCF13F-05EF-4DEF-AD78-B5006CE86784}.Debug|Any CPU.ActiveCfg = Debug|Any CPU
		{BAFCF13F-05EF-4DEF-AD78-B5006CE86784}.Debug|Any CPU.Build.0 = Debug|Any CPU
		{BAFCF13F-05EF-4DEF-AD78-B5006CE86784}.Release|Any CPU.ActiveCfg = Release|Any CPU
		{BAFCF13F-05EF-4DEF-AD78-B5006CE86784}.Release|Any CPU.Build.0 = Release|Any CPU
		{9B200ED1-89A8-4530-908B-8402BC7C9338}.Debug|Any CPU.ActiveCfg = Debug|Any CPU
		{9B200ED1-89A8-4530-908B-8402BC7C9338}.Debug|Any CPU.Build.0 = Debug|Any CPU
		{9B200ED1-89A8-4530-908B-8402BC7C9338}.Release|Any CPU.ActiveCfg = Release|Any CPU
		{9B200ED1-89A8-4530-908B-8402BC7C9338}.Release|Any CPU.Build.0 = Release|Any CPU
	EndGlobalSection
	GlobalSection(SolutionProperties) = preSolution
		HideSolutionNode = FALSE
	EndGlobalSection
	GlobalSection(NestedProjects) = preSolution
		{3E4D1ED6-7CDD-4870-BB56-033DE1A17EA1} = {A74EF8FE-73A5-4ED1-A272-5243B81B0A16}
		{BAFCF13F-05EF-4DEF-AD78-B5006CE86784} = {A74EF8FE-73A5-4ED1-A272-5243B81B0A16}
		{9B200ED1-89A8-4530-908B-8402BC7C9338} = {A74EF8FE-73A5-4ED1-A272-5243B81B0A16}
	EndGlobalSection
	GlobalSection(ExtensibilityGlobals) = postSolution
		SolutionGuid = {E5CD485E-D269-41DE-A144-EEC734F5B893}
	EndGlobalSection
EndGlobal
